{
  "version": 4,
  "terraform_version": "1.1.0",
  "serial": 5,
  "lineage": "78502672-2f26-f432-eba6-b815631a5341",
  "outputs": {
    "storage_account_name": {
      "value": "tfstate62h1n",
      "type": "string"
    },
    "storage_container_name": {
      "value": "tfstate",
      "type": "string"
    }
  },
  "resources": [
    {
      "mode": "managed",
      "type": "azurerm_resource_group",
      "name": "guru",
      "provider": "provider[\"registry.terraform.io/hashicorp/azurerm\"]",
      "instances": [
        {
          "schema_version": 0,
          "attributes": {
            "id": "/subscriptions/4cedc5dd-e3ad-468d-bf66-32e31bdb9148/resourceGroups/90-963f25a7-test-jesse-erl",
            "location": "eastus",
            "name": "90-963f25a7-test-jesse-erl",
            "tags": {},
            "timeouts": {
              "create": null,
              "delete": null,
              "read": null,
              "update": null
            }
          },
          "sensitive_attributes": [],
          "private": "eyJlMmJmYjczMC1lY2FhLTExZTYtOGY4OC0zNDM2M2JjN2M0YzAiOnsiY3JlYXRlIjo1NDAwMDAwMDAwMDAwLCJkZWxldGUiOjU0MDAwMDAwMDAwMDAsInJlYWQiOjMwMDAwMDAwMDAwMCwidXBkYXRlIjo1NDAwMDAwMDAwMDAwfSwic2NoZW1hX3ZlcnNpb24iOiIwIn0="
        }
      ]
    },
    {
      "mode": "managed",
      "type": "azurerm_storage_account",
      "name": "tfstate",
      "provider": "provider[\"registry.terraform.io/hashicorp/azurerm\"]",
      "instances": [
        {
          "schema_version": 2,
          "attributes": {
            "access_tier": "Hot",
            "account_kind": "StorageV2",
            "account_replication_type": "LRS",
            "account_tier": "Standard",
            "allow_blob_public_access": true,
            "azure_files_authentication": [],
            "blob_properties": [
              {
                "change_feed_enabled": false,
                "container_delete_retention_policy": [],
                "cors_rule": [],
                "default_service_version": "",
                "delete_retention_policy": [],
                "last_access_time_enabled": false,
                "versioning_enabled": false
              }
            ],
            "custom_domain": [],
            "enable_https_traffic_only": true,
            "id": "/subscriptions/4cedc5dd-e3ad-468d-bf66-32e31bdb9148/resourceGroups/90-963f25a7-test-jesse-erl/providers/Microsoft.Storage/storageAccounts/tfstate62h1n",
            "identity": [],
            "infrastructure_encryption_enabled": false,
            "is_hns_enabled": false,
            "large_file_share_enabled": null,
            "location": "eastus",
            "min_tls_version": "TLS1_0",
            "name": "tfstate62h1n",
            "network_rules": [
              {
                "bypass": [
                  "AzureServices"
                ],
                "default_action": "Allow",
                "ip_rules": [],
                "private_link_access": [],
                "virtual_network_subnet_ids": []
              }
            ],
            "nfsv3_enabled": false,
            "primary_access_key": "rAmWk3ORe3v9UbF+EJ243VQOH6UUyZIFclslJ9MYG8uHieNHPb0zBHML/Ydw3TzXOA8IZ5Wwsh231KlbjJQAyA==",
            "primary_blob_connection_string": "DefaultEndpointsProtocol=https;BlobEndpoint=https://tfstate62h1n.blob.core.windows.net/;AccountName=tfstate62h1n;AccountKey=rAmWk3ORe3v9UbF+EJ243VQOH6UUyZIFclslJ9MYG8uHieNHPb0zBHML/Ydw3TzXOA8IZ5Wwsh231KlbjJQAyA==",
            "primary_blob_endpoint": "https://tfstate62h1n.blob.core.windows.net/",
            "primary_blob_host": "tfstate62h1n.blob.core.windows.net",
            "primary_connection_string": "DefaultEndpointsProtocol=https;AccountName=tfstate62h1n;AccountKey=rAmWk3ORe3v9UbF+EJ243VQOH6UUyZIFclslJ9MYG8uHieNHPb0zBHML/Ydw3TzXOA8IZ5Wwsh231KlbjJQAyA==;EndpointSuffix=core.windows.net",
            "primary_dfs_endpoint": "https://tfstate62h1n.dfs.core.windows.net/",
            "primary_dfs_host": "tfstate62h1n.dfs.core.windows.net",
            "primary_file_endpoint": "https://tfstate62h1n.file.core.windows.net/",
            "primary_file_host": "tfstate62h1n.file.core.windows.net",
            "primary_location": "eastus",
            "primary_queue_endpoint": "https://tfstate62h1n.queue.core.windows.net/",
            "primary_queue_host": "tfstate62h1n.queue.core.windows.net",
            "primary_table_endpoint": "https://tfstate62h1n.table.core.windows.net/",
            "primary_table_host": "tfstate62h1n.table.core.windows.net",
            "primary_web_endpoint": "https://tfstate62h1n.z13.web.core.windows.net/",
            "primary_web_host": "tfstate62h1n.z13.web.core.windows.net",
            "queue_encryption_key_type": "Service",
            "queue_properties": [
              {
                "cors_rule": [],
                "hour_metrics": [
                  {
                    "enabled": true,
                    "include_apis": true,
                    "retention_policy_days": 7,
                    "version": "1.0"
                  }
                ],
                "logging": [
                  {
                    "delete": false,
                    "read": false,
                    "retention_policy_days": 0,
                    "version": "1.0",
                    "write": false
                  }
                ],
                "minute_metrics": [
                  {
                    "enabled": false,
                    "include_apis": false,
                    "retention_policy_days": 0,
                    "version": "1.0"
                  }
                ]
              }
            ],
            "resource_group_name": "90-963f25a7-test-jesse-erl",
            "routing": [],
            "secondary_access_key": "FAYAkdrUDHgp1L+52CEI/KS5lxzkbAxw/qptsBaNk+hs9+ETr7AZCC0IG95TKxQOWDaoTWxqsQC8yFLEiC4DGA==",
            "secondary_blob_connection_string": "",
            "secondary_blob_endpoint": null,
            "secondary_blob_host": null,
            "secondary_connection_string": "DefaultEndpointsProtocol=https;AccountName=tfstate62h1n;AccountKey=FAYAkdrUDHgp1L+52CEI/KS5lxzkbAxw/qptsBaNk+hs9+ETr7AZCC0IG95TKxQOWDaoTWxqsQC8yFLEiC4DGA==;EndpointSuffix=core.windows.net",
            "secondary_dfs_endpoint": null,
            "secondary_dfs_host": null,
            "secondary_file_endpoint": null,
            "secondary_file_host": null,
            "secondary_location": "",
            "secondary_queue_endpoint": null,
            "secondary_queue_host": null,
            "secondary_table_endpoint": null,
            "secondary_table_host": null,
            "secondary_web_endpoint": null,
            "secondary_web_host": null,
            "share_properties": [
              {
                "cors_rule": [],
                "retention_policy": [
                  {
                    "days": 7
                  }
                ],
                "smb": []
              }
            ],
            "shared_access_key_enabled": true,
            "static_website": [],
            "table_encryption_key_type": "Service",
            "tags": {
              "environment": "staging"
            },
            "timeouts": null
          },
          "sensitive_attributes": [],
          "private": "eyJlMmJmYjczMC1lY2FhLTExZTYtOGY4OC0zNDM2M2JjN2M0YzAiOnsiY3JlYXRlIjozNjAwMDAwMDAwMDAwLCJkZWxldGUiOjM2MDAwMDAwMDAwMDAsInJlYWQiOjMwMDAwMDAwMDAwMCwidXBkYXRlIjozNjAwMDAwMDAwMDAwfSwic2NoZW1hX3ZlcnNpb24iOiIyIn0=",
          "dependencies": [
            "azurerm_resource_group.guru",
            "random_string.resource_code"
          ]
        }
      ]
    },
    {
      "mode": "managed",
      "type": "azurerm_storage_container",
      "name": "tfstate",
      "provider": "provider[\"registry.terraform.io/hashicorp/azurerm\"]",
      "instances": [
        {
          "schema_version": 1,
          "attributes": {
            "container_access_type": "blob",
            "has_immutability_policy": false,
            "has_legal_hold": false,
            "id": "https://tfstate62h1n.blob.core.windows.net/tfstate",
            "metadata": {},
            "name": "tfstate",
            "resource_manager_id": "/subscriptions/4cedc5dd-e3ad-468d-bf66-32e31bdb9148/resourceGroups/90-963f25a7-test-jesse-erl/providers/Microsoft.Storage/storageAccounts/tfstate62h1n/blobServices/default/containers/tfstate",
            "storage_account_name": "tfstate62h1n",
            "timeouts": null
          },
          "sensitive_attributes": [],
          "private": "eyJlMmJmYjczMC1lY2FhLTExZTYtOGY4OC0zNDM2M2JjN2M0YzAiOnsiY3JlYXRlIjoxODAwMDAwMDAwMDAwLCJkZWxldGUiOjE4MDAwMDAwMDAwMDAsInJlYWQiOjMwMDAwMDAwMDAwMCwidXBkYXRlIjoxODAwMDAwMDAwMDAwfSwic2NoZW1hX3ZlcnNpb24iOiIxIn0=",
          "dependencies": [
            "azurerm_resource_group.guru",
            "azurerm_storage_account.tfstate",
            "random_string.resource_code"
          ]
        }
      ]
    },
    {
      "mode": "managed",
      "type": "random_string",
      "name": "resource_code",
      "provider": "provider[\"registry.terraform.io/hashicorp/random\"]",
      "instances": [
        {
          "schema_version": 1,
          "attributes": {
            "id": "62h1n",
            "keepers": null,
            "length": 5,
            "lower": true,
            "min_lower": 0,
            "min_numeric": 0,
            "min_special": 0,
            "min_upper": 0,
            "number": true,
            "override_special": null,
            "result": "62h1n",
            "special": false,
            "upper": false
          },
          "sensitive_attributes": [],
          "private": "eyJzY2hlbWFfdmVyc2lvbiI6IjEifQ=="
        }
      ]
    }
  ]
}
